# THIS IS AN AUTOGENERATED FILE. DO NOT EDIT THIS FILE DIRECTLY.
# yarn lockfile v1


"@kwsites/file-exists@^1.1.1":
  version "1.1.1"
  resolved "https://registry.yarnpkg.com/@kwsites/file-exists/-/file-exists-1.1.1.tgz#ad1efcac13e1987d8dbaf235ef3be5b0d96faa99"
  integrity sha512-m9/5YGR18lIwxSFDwfE3oA7bWuq9kdau6ugN4H2rJeyhFQZcG9AgSHkQtSD15a8WvTgfz9aikZMrKPHvbpqFiw==
  dependencies:
    debug "^4.1.1"

"@kwsites/promise-deferred@^1.1.1":
  version "1.1.1"
  resolved "https://registry.yarnpkg.com/@kwsites/promise-deferred/-/promise-deferred-1.1.1.tgz#8ace5259254426ccef57f3175bc64ed7095ed919"
  integrity sha512-GaHYm+c0O9MjZRu0ongGBRbinu8gVAMd2UZjji6jVmqKtZluZnptXGWhz1E8j8D2HJ3f/yMxKAUC0b+57wncIw==

chevrotain@6.5.0:
  version "6.5.0"
  resolved "https://registry.yarnpkg.com/chevrotain/-/chevrotain-6.5.0.tgz#dcbef415516b0af80fd423cc0d96b28d3f11374e"
  integrity sha512-BwqQ/AgmKJ8jcMEjaSnfMybnKMgGTrtDKowfTP3pX4jwVy0kNjRsT/AP6h+wC3+3NC+X8X15VWBnTCQlX+wQFg==
  dependencies:
    regexp-to-ast "0.4.0"

debug@^4.1.1, debug@^4.3.4:
  version "4.3.4"
  resolved "https://registry.yarnpkg.com/debug/-/debug-4.3.4.tgz#1319f6579357f2338d3337d2cdd4914bb5dcc865"
  integrity sha512-PRWFHuSU3eDtQJPvnNY7Jcket1j0t5OuOsFzPPzsekD52Zl8qUfFIPEiswXqIvHWGVHOgX+7G/vCNNhehwxfkQ==
  dependencies:
    ms "2.1.2"

java-parser@2.0.5:
  version "2.0.5"
  resolved "https://registry.yarnpkg.com/java-parser/-/java-parser-2.0.5.tgz#6bd3e2f75670cca387b78c6a1b1d10dd29b09032"
  integrity sha512-AwieTO24Itcu0GgP9pBXs8gkqBtkmReclpBgXF4NkbIjdS7cn7hqpebjTmb5ouYYLFR+m3yh5fR3nW1NRrthdg==
  dependencies:
    chevrotain "6.5.0"
    lodash "4.17.21"

lodash@4.17.21:
  version "4.17.21"
  resolved "https://registry.yarnpkg.com/lodash/-/lodash-4.17.21.tgz#679591c564c3bffaae8454cf0b3df370c3d6911c"
  integrity sha512-v2kDEe57lecTulaDIuNTPy3Ry4gLGJ6Z1O3vE1krgXZNrsQ+LFTGHVxVjcXPs17LhbZVGedAJv8XZ1tvj5FvSg==

ms@2.1.2:
  version "2.1.2"
  resolved "https://registry.yarnpkg.com/ms/-/ms-2.1.2.tgz#d09d1f357b443f493382a8eb3ccd183872ae6009"
  integrity sha512-sGkPx+VjMtmA6MX27oA4FBFELFCZZ4S4XqeGOXCv68tT+jb3vk/RyaKWP0PTKyWtmLSM0b+adUTEvbs1PEaH2w==

prettier-plugin-java@^2.3.1:
  version "2.3.1"
  resolved "https://registry.yarnpkg.com/prettier-plugin-java/-/prettier-plugin-java-2.3.1.tgz#eafd0cbb9b23eab917d8a3a40e289c731647e670"
  integrity sha512-OYn8skqKnE5YUVL8f2ocayA6XCJK8PqsEz3pfATbDqzgdaSYDLhE/s8KrXrX9gj8KXIG6Wx0CMoXTNH8+ED22w==
  dependencies:
    java-parser "2.0.5"
    lodash "4.17.21"
    prettier "3.0.3"

prettier@3.0.3, prettier@^3.0.3:
  version "3.0.3"
  resolved "https://registry.yarnpkg.com/prettier/-/prettier-3.0.3.tgz#432a51f7ba422d1469096c0fdc28e235db8f9643"
  integrity sha512-L/4pUDMxcNa8R/EthV08Zt42WBO4h1rarVtK0K+QJG0X187OLo7l699jWw0GKuwzkPQ//jMFA/8Xm6Fh3J/DAg==

regexp-to-ast@0.4.0:
  version "0.4.0"
  resolved "https://registry.yarnpkg.com/regexp-to-ast/-/regexp-to-ast-0.4.0.tgz#f3dbcb42726cd71902ba50193f63eab5325cd7cb"
  integrity sha512-4qf/7IsIKfSNHQXSwial1IFmfM1Cc/whNBQqRwe0V2stPe7KmN1U0tWQiIx6JiirgSrisjE0eECdNf7Tav1Ntw==

run-script-os@^1.1.6:
  version "1.1.6"
  resolved "https://registry.yarnpkg.com/run-script-os/-/run-script-os-1.1.6.tgz#8b0177fb1b54c99a670f95c7fdc54f18b9c72347"
  integrity sha512-ql6P2LzhBTTDfzKts+Qo4H94VUKpxKDFz6QxxwaUZN0mwvi7L3lpOI7BqPCq7lgDh3XLl0dpeXwfcVIitlrYrw==

simple-git@^3.19.1:
  version "3.19.1"
  resolved "https://registry.yarnpkg.com/simple-git/-/simple-git-3.19.1.tgz#ff9c021961a3d876a1b115b1893bed9a28855d30"
  integrity sha512-Ck+rcjVaE1HotraRAS8u/+xgTvToTuoMkT9/l9lvuP5jftwnYUp6DwuJzsKErHgfyRk8IB8pqGHWEbM3tLgV1w==
  dependencies:
    "@kwsites/file-exists" "^1.1.1"
    "@kwsites/promise-deferred" "^1.1.1"
    debug "^4.3.4"
